
Microsoft Visual Studio Solution File, Format Version 12.00
# Visual Studio 14
VisualStudioVersion = 14.0.25420.1
MinimumVisualStudioVersion = 10.0.40219.1
Project("{FAE04EC0-301F-11D3-BF4B-00C04F79EFBC}") = "WebApplication1", "WebApplication1\WebApplication1.csproj", "{04CD1678-6401-4FE8-BF47-4D505E5275BE}"
EndProject
Project("{FAE04EC0-301F-11D3-BF4B-00C04F79EFBC}") = "SyncDemo", "SyncDemo\SyncDemo.csproj", "{5EEB1F21-8330-41A7-874E-FBC80F6017A9}"
EndProject
Global
	GlobalSection(SolutionConfigurationPlatforms) = preSolution
		Debug|Any CPU = Debug|Any CPU
		Release|Any CPU = Release|Any CPU
	EndGlobalSection
	GlobalSection(ProjectConfigurationPlatforms) = postSolution
		{04CD1678-6401-4FE8-BF47-4D505E5275BE}.Debug|Any CPU.ActiveCfg = Debug|Any CPU
		{04CD1678-6401-4FE8-BF47-4D505E5275BE}.Debug|Any CPU.Build.0 = Debug|Any CPU
		{04CD1678-6401-4FE8-BF47-4D505E5275BE}.Release|Any CPU.ActiveCfg = Release|Any CPU
		{04CD1678-6401-4FE8-BF47-4D505E5275BE}.Release|Any CPU.Build.0 = Release|Any CPU
		{5EEB1F21-8330-41A7-874E-FBC80F6017A9}.Debug|Any CPU.ActiveCfg = Debug|Any CPU
		{5EEB1F21-8330-41A7-874E-FBC80F6017A9}.Debug|Any CPU.Build.0 = Debug|Any CPU
		{5EEB1F21-8330-41A7-874E-FBC80F6017A9}.Release|Any CPU.ActiveCfg = Release|Any CPU
		{5EEB1F21-8330-41A7-874E-FBC80F6017A9}.Release|Any CPU.Build.0 = Release|Any CPU
	EndGlobalSection
	GlobalSection(SolutionProperties) = preSolution
		HideSolutionNode = FALSE
	EndGlobalSection
EndGlobal
